
Microsoft Visual Studio Solution File, Format Version 12.00
# Visual Studio Version 17
VisualStudioVersion = 17.10.34928.147
MinimumVisualStudioVersion = 10.0.40219.1
Project("{9A19103F-16F7-4668-BE54-9A1E7A4F7556}") = "UcenjeCS", "UcenjeCS\UcenjeCS.csproj", "{7D75538C-1AB0-42F0-ABD4-0E0AEE33B1A9}"
EndProject
Project("{9A19103F-16F7-4668-BE54-9A1E7A4F7556}") = "WebAPI", "WebAPI\WebAPI.csproj", "{884E0167-9A3C-406D-9CA2-66A1D2644B30}"
EndProject
Project("{FAE04EC0-301F-11D3-BF4B-00C04F79EFBC}") = "EdunovaAPP", "EdunovaAPP\EdunovaAPP.csproj", "{B3D5DF7B-33EA-484B-8019-CD96D3EA75CE}"
EndProject
Global
	GlobalSection(SolutionConfigurationPlatforms) = preSolution
		Debug|Any CPU = Debug|Any CPU
		Release|Any CPU = Release|Any CPU
	EndGlobalSection
	GlobalSection(ProjectConfigurationPlatforms) = postSolution
		{7D75538C-1AB0-42F0-ABD4-0E0AEE33B1A9}.Debug|Any CPU.ActiveCfg = Debug|Any CPU
		{7D75538C-1AB0-42F0-ABD4-0E0AEE33B1A9}.Debug|Any CPU.Build.0 = Debug|Any CPU
		{7D75538C-1AB0-42F0-ABD4-0E0AEE33B1A9}.Release|Any CPU.ActiveCfg = Release|Any CPU
		{7D75538C-1AB0-42F0-ABD4-0E0AEE33B1A9}.Release|Any CPU.Build.0 = Release|Any CPU
		{884E0167-9A3C-406D-9CA2-66A1D2644B30}.Debug|Any CPU.ActiveCfg = Debug|Any CPU
		{884E0167-9A3C-406D-9CA2-66A1D2644B30}.Debug|Any CPU.Build.0 = Debug|Any CPU
		{884E0167-9A3C-406D-9CA2-66A1D2644B30}.Release|Any CPU.ActiveCfg = Release|Any CPU
		{884E0167-9A3C-406D-9CA2-66A1D2644B30}.Release|Any CPU.Build.0 = Release|Any CPU
		{B3D5DF7B-33EA-484B-8019-CD96D3EA75CE}.Debug|Any CPU.ActiveCfg = Debug|Any CPU
		{B3D5DF7B-33EA-484B-8019-CD96D3EA75CE}.Debug|Any CPU.Build.0 = Debug|Any CPU
		{B3D5DF7B-33EA-484B-8019-CD96D3EA75CE}.Release|Any CPU.ActiveCfg = Release|Any CPU
		{B3D5DF7B-33EA-484B-8019-CD96D3EA75CE}.Release|Any CPU.Build.0 = Release|Any CPU
	EndGlobalSection
	GlobalSection(SolutionProperties) = preSolution
		HideSolutionNode = FALSE
	EndGlobalSection
	GlobalSection(ExtensibilityGlobals) = postSolution
		SolutionGuid = {89463530-FDF0-45DC-B29E-7AB28B084477}
	EndGlobalSection
EndGlobal
